[[package]]
name = "filetype"
version = "1.0.7"
description = "Infer file type and MIME type of any file/buffer. No external dependencies."
category = "main"
optional = false
python-versions = "*"

[metadata]
lock-version = "1.1"
python-versions = "^3.8"
content-hash = "11723193219463b4bc72a4a2e6b44ae5641e9d8d77288fd6b4db8cdf0f14f6b6"

[metadata.files]
filetype = [
    {file = "filetype-1.0.7-py2.py3-none-any.whl", hash = "sha256:353369948bb1c09b8b3ea3d78390b5586e9399bff9aab894a1dff954e31a66f6"},
    {file = "filetype-1.0.7.tar.gz", hash = "sha256:da393ece8d98b47edf2dd5a85a2c8733e44b769e32c71af4cd96ed8d38d96aa7"},
]
